
Microsoft Visual Studio Solution File, Format Version 9.00
# Visual Studio 2005
Project("{8BC9CEB8-8B4A-11D0-8D11-00A0C91BC942}") = "gaia", "gaia.vcproj", "{C552C70C-4991-4C3C-A8A3-AB5701576B02}"
EndProject
Global
	GlobalSection(SolutionConfigurationPlatforms) = preSolution
		Debug|Win32 = Debug|Win32
		Debug|x64 = Debug|x64
		Release|Win32 = Release|Win32
		Release|x64 = Release|x64
	EndGlobalSection
	GlobalSection(ProjectConfigurationPlatforms) = postSolution
		{C552C70C-4991-4C3C-A8A3-AB5701576B02}.Debug|Win32.ActiveCfg = Debug|Win32
		{C552C70C-4991-4C3C-A8A3-AB5701576B02}.Debug|Win32.Build.0 = Debug|Win32
		{C552C70C-4991-4C3C-A8A3-AB5701576B02}.Debug|x64.ActiveCfg = Debug|x64
		{C552C70C-4991-4C3C-A8A3-AB5701576B02}.Debug|x64.Build.0 = Debug|x64
		{C552C70C-4991-4C3C-A8A3-AB5701576B02}.Release|Win32.ActiveCfg = Release|Win32
		{C552C70C-4991-4C3C-A8A3-AB5701576B02}.Release|Win32.Build.0 = Release|Win32
		{C552C70C-4991-4C3C-A8A3-AB5701576B02}.Release|x64.ActiveCfg = Release|x64
		{C552C70C-4991-4C3C-A8A3-AB5701576B02}.Release|x64.Build.0 = Release|x64
	EndGlobalSection
	GlobalSection(SolutionProperties) = preSolution
		HideSolutionNode = FALSE
	EndGlobalSection
EndGlobal
