
Microsoft Visual Studio Solution File, Format Version 9.00
# Visual Studio 2005
Project("{8BC9CEB8-8B4A-11D0-8D11-00A0C91BC942}") = "gaia", "GAIA\gaia.vcproj", "{C552C70C-4991-4C3C-A8A3-AB5701576B02}"
EndProject
Project("{8BC9CEB8-8B4A-11D0-8D11-00A0C91BC942}") = "fileshare", "DWARFS\FILESHARE\fileshare.vcproj", "{D1BF18A6-241A-4CBF-A458-DF73CED05774}"
EndProject
Project("{8BC9CEB8-8B4A-11D0-8D11-00A0C91BC942}") = "dwarfs", "DWARFS\dwarfs.vcproj", "{28189869-2FA9-4C4C-B1FA-3619BFAC60A7}"
EndProject
Project("{8BC9CEB8-8B4A-11D0-8D11-00A0C91BC942}") = "prometheus", "PROMETHEUS\prometheus.vcproj", "{DD56E02F-A3AD-425D-8883-C8808DCAF05F}"
EndProject
Project("{2150E333-8FDC-42A3-9474-1A3956D46DE8}") = "DOC", "DOC", "{E11624AF-30B6-4368-B83F-4415D567CB8B}"
	ProjectSection(SolutionItems) = preProject
		DOC\code.h = DOC\code.h
		DOC\concept.txt = DOC\concept.txt
		DOC\designment.txt = DOC\designment.txt
		DOC\gaia_reference.txt = DOC\gaia_reference.txt
		makefile = makefile
		DOC\prometheus_reference.txt = DOC\prometheus_reference.txt
		DOC\regular_expression.txt = DOC\regular_expression.txt
		DOC\task.txt = DOC\task.txt
		DOC\temp.txt = DOC\temp.txt
	EndProjectSection
EndProject
Project("{2150E333-8FDC-42A3-9474-1A3956D46DE8}") = "MAKEFILE", "MAKEFILE", "{C6359517-2075-49BB-B67B-ABA16F0329EB}"
EndProject
Global
	GlobalSection(SolutionConfigurationPlatforms) = preSolution
		Debug|Win32 = Debug|Win32
		Debug|x64 = Debug|x64
		Release|Win32 = Release|Win32
		Release|x64 = Release|x64
	EndGlobalSection
	GlobalSection(ProjectConfigurationPlatforms) = postSolution
		{C552C70C-4991-4C3C-A8A3-AB5701576B02}.Debug|Win32.ActiveCfg = Debug|Win32
		{C552C70C-4991-4C3C-A8A3-AB5701576B02}.Debug|Win32.Build.0 = Debug|Win32
		{C552C70C-4991-4C3C-A8A3-AB5701576B02}.Debug|x64.ActiveCfg = Debug|x64
		{C552C70C-4991-4C3C-A8A3-AB5701576B02}.Debug|x64.Build.0 = Debug|x64
		{C552C70C-4991-4C3C-A8A3-AB5701576B02}.Release|Win32.ActiveCfg = Debug|Win32
		{C552C70C-4991-4C3C-A8A3-AB5701576B02}.Release|Win32.Build.0 = Debug|Win32
		{C552C70C-4991-4C3C-A8A3-AB5701576B02}.Release|x64.ActiveCfg = Release|x64
		{C552C70C-4991-4C3C-A8A3-AB5701576B02}.Release|x64.Build.0 = Release|x64
		{D1BF18A6-241A-4CBF-A458-DF73CED05774}.Debug|Win32.ActiveCfg = Debug|Win32
		{D1BF18A6-241A-4CBF-A458-DF73CED05774}.Debug|Win32.Build.0 = Debug|Win32
		{D1BF18A6-241A-4CBF-A458-DF73CED05774}.Debug|x64.ActiveCfg = Debug|x64
		{D1BF18A6-241A-4CBF-A458-DF73CED05774}.Debug|x64.Build.0 = Debug|x64
		{D1BF18A6-241A-4CBF-A458-DF73CED05774}.Release|Win32.ActiveCfg = Debug|Win32
		{D1BF18A6-241A-4CBF-A458-DF73CED05774}.Release|Win32.Build.0 = Debug|Win32
		{D1BF18A6-241A-4CBF-A458-DF73CED05774}.Release|x64.ActiveCfg = Release|x64
		{D1BF18A6-241A-4CBF-A458-DF73CED05774}.Release|x64.Build.0 = Release|x64
		{28189869-2FA9-4C4C-B1FA-3619BFAC60A7}.Debug|Win32.ActiveCfg = Debug|Win32
		{28189869-2FA9-4C4C-B1FA-3619BFAC60A7}.Debug|Win32.Build.0 = Debug|Win32
		{28189869-2FA9-4C4C-B1FA-3619BFAC60A7}.Debug|x64.ActiveCfg = Debug|x64
		{28189869-2FA9-4C4C-B1FA-3619BFAC60A7}.Debug|x64.Build.0 = Debug|x64
		{28189869-2FA9-4C4C-B1FA-3619BFAC60A7}.Release|Win32.ActiveCfg = Debug|Win32
		{28189869-2FA9-4C4C-B1FA-3619BFAC60A7}.Release|Win32.Build.0 = Debug|Win32
		{28189869-2FA9-4C4C-B1FA-3619BFAC60A7}.Release|x64.ActiveCfg = Release|x64
		{28189869-2FA9-4C4C-B1FA-3619BFAC60A7}.Release|x64.Build.0 = Release|x64
		{DD56E02F-A3AD-425D-8883-C8808DCAF05F}.Debug|Win32.ActiveCfg = Debug|Win32
		{DD56E02F-A3AD-425D-8883-C8808DCAF05F}.Debug|Win32.Build.0 = Debug|Win32
		{DD56E02F-A3AD-425D-8883-C8808DCAF05F}.Debug|x64.ActiveCfg = Debug|x64
		{DD56E02F-A3AD-425D-8883-C8808DCAF05F}.Debug|x64.Build.0 = Debug|x64
		{DD56E02F-A3AD-425D-8883-C8808DCAF05F}.Release|Win32.ActiveCfg = Debug|Win32
		{DD56E02F-A3AD-425D-8883-C8808DCAF05F}.Release|Win32.Build.0 = Debug|Win32
		{DD56E02F-A3AD-425D-8883-C8808DCAF05F}.Release|x64.ActiveCfg = Release|x64
		{DD56E02F-A3AD-425D-8883-C8808DCAF05F}.Release|x64.Build.0 = Release|x64
	EndGlobalSection
	GlobalSection(SolutionProperties) = preSolution
		HideSolutionNode = FALSE
	EndGlobalSection
EndGlobal
