// !$*UTF8*$!
{
	archiveVersion = 1;
	classes = {
	};
	objectVersion = 46;
	objects = {

/* Begin PBXBuildFile section */
		3BFB1480187785E700A1731D /* gaia_math_basic_indp.cpp in Sources */ = {isa = PBXBuildFile; fileRef = 3BFB146D187785E700A1731D /* gaia_math_basic_indp.cpp */; };
		3BFB1481187785E700A1731D /* gaia_thread_indp.cpp in Sources */ = {isa = PBXBuildFile; fileRef = 3BFB1475187785E700A1731D /* gaia_thread_indp.cpp */; };
		3BFB1482187785E700A1731D /* preheader.cpp in Sources */ = {isa = PBXBuildFile; fileRef = 3BFB147E187785E700A1731D /* preheader.cpp */; };
		3BFB14841877920A00A1731D /* main.cpp in Sources */ = {isa = PBXBuildFile; fileRef = 3BFB14831877920A00A1731D /* main.cpp */; };
/* End PBXBuildFile section */

/* Begin PBXCopyFilesBuildPhase section */
		3BFB13F51877852C00A1731D /* CopyFiles */ = {
			isa = PBXCopyFilesBuildPhase;
			buildActionMask = 2147483647;
			dstPath = /usr/share/man/man1/;
			dstSubfolderSpec = 0;
			files = (
			);
			runOnlyForDeploymentPostprocessing = 1;
		};
/* End PBXCopyFilesBuildPhase section */

/* Begin PBXFileReference section */
		3BFB13F71877852C00A1731D /* GAIA */ = {isa = PBXFileReference; explicitFileType = "compiled.mach-o.executable"; includeInIndex = 0; path = GAIA; sourceTree = BUILT_PRODUCTS_DIR; };
		3BFB144A187785E700A1731D /* gaia_allocator_crt.h */ = {isa = PBXFileReference; fileEncoding = 4; lastKnownFileType = sourcecode.c.h; path = gaia_allocator_crt.h; sourceTree = SOURCE_ROOT; };
		3BFB144B187785E700A1731D /* gaia_allocator_esg.h */ = {isa = PBXFileReference; fileEncoding = 4; lastKnownFileType = sourcecode.c.h; path = gaia_allocator_esg.h; sourceTree = SOURCE_ROOT; };
		3BFB144C187785E700A1731D /* gaia_allocator.h */ = {isa = PBXFileReference; fileEncoding = 4; lastKnownFileType = sourcecode.c.h; path = gaia_allocator.h; sourceTree = SOURCE_ROOT; };
		3BFB144D187785E700A1731D /* gaia_arithmetic_compare.h */ = {isa = PBXFileReference; fileEncoding = 4; lastKnownFileType = sourcecode.c.h; path = gaia_arithmetic_compare.h; sourceTree = SOURCE_ROOT; };
		3BFB144E187785E700A1731D /* gaia_arithmetic_memory.h */ = {isa = PBXFileReference; fileEncoding = 4; lastKnownFileType = sourcecode.c.h; path = gaia_arithmetic_memory.h; sourceTree = SOURCE_ROOT; };
		3BFB144F187785E700A1731D /* gaia_arithmetic_sizeincreaser.h */ = {isa = PBXFileReference; fileEncoding = 4; lastKnownFileType = sourcecode.c.h; path = gaia_arithmetic_sizeincreaser.h; sourceTree = SOURCE_ROOT; };
		3BFB1450187785E700A1731D /* gaia_assert.h */ = {isa = PBXFileReference; fileEncoding = 4; lastKnownFileType = sourcecode.c.h; path = gaia_assert.h; sourceTree = SOURCE_ROOT; };
		3BFB1451187785E700A1731D /* gaia_atom_event.h */ = {isa = PBXFileReference; fileEncoding = 4; lastKnownFileType = sourcecode.c.h; path = gaia_atom_event.h; sourceTree = SOURCE_ROOT; };
		3BFB1452187785E700A1731D /* gaia_atom_lock.h */ = {isa = PBXFileReference; fileEncoding = 4; lastKnownFileType = sourcecode.c.h; path = gaia_atom_lock.h; sourceTree = SOURCE_ROOT; };
		3BFB1453187785E700A1731D /* gaia_atom_mutex.h */ = {isa = PBXFileReference; fileEncoding = 4; lastKnownFileType = sourcecode.c.h; path = gaia_atom_mutex.h; sourceTree = SOURCE_ROOT; };
		3BFB1454187785E700A1731D /* gaia_clsid.h */ = {isa = PBXFileReference; fileEncoding = 4; lastKnownFileType = sourcecode.c.h; path = gaia_clsid.h; sourceTree = SOURCE_ROOT; };
		3BFB1455187785E700A1731D /* gaia_container_array.h */ = {isa = PBXFileReference; fileEncoding = 4; lastKnownFileType = sourcecode.c.h; path = gaia_container_array.h; sourceTree = SOURCE_ROOT; };
		3BFB1456187785E700A1731D /* gaia_container_astring.h */ = {isa = PBXFileReference; fileEncoding = 4; lastKnownFileType = sourcecode.c.h; path = gaia_container_astring.h; sourceTree = SOURCE_ROOT; };
		3BFB1457187785E700A1731D /* gaia_container_basicarray.h */ = {isa = PBXFileReference; fileEncoding = 4; lastKnownFileType = sourcecode.c.h; path = gaia_container_basicarray.h; sourceTree = SOURCE_ROOT; };
		3BFB1458187785E700A1731D /* gaia_container_basicstack.h */ = {isa = PBXFileReference; fileEncoding = 4; lastKnownFileType = sourcecode.c.h; path = gaia_container_basicstack.h; sourceTree = SOURCE_ROOT; };
		3BFB1459187785E700A1731D /* gaia_container_basicstring.h */ = {isa = PBXFileReference; fileEncoding = 4; lastKnownFileType = sourcecode.c.h; path = gaia_container_basicstring.h; sourceTree = SOURCE_ROOT; };
		3BFB145A187785E700A1731D /* gaia_container_basicvector.h */ = {isa = PBXFileReference; fileEncoding = 4; lastKnownFileType = sourcecode.c.h; path = gaia_container_basicvector.h; sourceTree = SOURCE_ROOT; };
		3BFB145B187785E700A1731D /* gaia_container_buffer.h */ = {isa = PBXFileReference; fileEncoding = 4; lastKnownFileType = sourcecode.c.h; path = gaia_container_buffer.h; sourceTree = SOURCE_ROOT; };
		3BFB145C187785E700A1731D /* gaia_container_tstring.h */ = {isa = PBXFileReference; fileEncoding = 4; lastKnownFileType = sourcecode.c.h; path = gaia_container_tstring.h; sourceTree = SOURCE_ROOT; };
		3BFB145D187785E700A1731D /* gaia_container_vector.h */ = {isa = PBXFileReference; fileEncoding = 4; lastKnownFileType = sourcecode.c.h; path = gaia_container_vector.h; sourceTree = SOURCE_ROOT; };
		3BFB145E187785E700A1731D /* gaia_container_wstring.h */ = {isa = PBXFileReference; fileEncoding = 4; lastKnownFileType = sourcecode.c.h; path = gaia_container_wstring.h; sourceTree = SOURCE_ROOT; };
		3BFB145F187785E700A1731D /* gaia_datamodel_sp.h */ = {isa = PBXFileReference; fileEncoding = 4; lastKnownFileType = sourcecode.c.h; path = gaia_datamodel_sp.h; sourceTree = SOURCE_ROOT; };
		3BFB1460187785E700A1731D /* gaia_datamodel.h */ = {isa = PBXFileReference; fileEncoding = 4; lastKnownFileType = sourcecode.c.h; path = gaia_datamodel.h; sourceTree = SOURCE_ROOT; };
		3BFB1461187785E700A1731D /* gaia_dataphase_xml.h */ = {isa = PBXFileReference; fileEncoding = 4; lastKnownFileType = sourcecode.c.h; path = gaia_dataphase_xml.h; sourceTree = SOURCE_ROOT; };
		3BFB1462187785E700A1731D /* gaia_directory.h */ = {isa = PBXFileReference; fileEncoding = 4; lastKnownFileType = sourcecode.c.h; path = gaia_directory.h; sourceTree = SOURCE_ROOT; };
		3BFB1463187785E700A1731D /* gaia_error.h */ = {isa = PBXFileReference; fileEncoding = 4; lastKnownFileType = sourcecode.c.h; path = gaia_error.h; sourceTree = SOURCE_ROOT; };
		3BFB1464187785E700A1731D /* gaia_factory.h */ = {isa = PBXFileReference; fileEncoding = 4; lastKnownFileType = sourcecode.c.h; path = gaia_factory.h; sourceTree = SOURCE_ROOT; };
		3BFB1465187785E700A1731D /* gaia_file.h */ = {isa = PBXFileReference; fileEncoding = 4; lastKnownFileType = sourcecode.c.h; path = gaia_file.h; sourceTree = SOURCE_ROOT; };
		3BFB1466187785E700A1731D /* gaia_framework.h */ = {isa = PBXFileReference; fileEncoding = 4; lastKnownFileType = sourcecode.c.h; path = gaia_framework.h; sourceTree = SOURCE_ROOT; };
		3BFB1467187785E700A1731D /* gaia_hd.h */ = {isa = PBXFileReference; fileEncoding = 4; lastKnownFileType = sourcecode.c.h; path = gaia_hd.h; sourceTree = SOURCE_ROOT; };
		3BFB1468187785E700A1731D /* gaia_id.h */ = {isa = PBXFileReference; fileEncoding = 4; lastKnownFileType = sourcecode.c.h; path = gaia_id.h; sourceTree = SOURCE_ROOT; };
		3BFB1469187785E700A1731D /* gaia_instance.h */ = {isa = PBXFileReference; fileEncoding = 4; lastKnownFileType = sourcecode.c.h; path = gaia_instance.h; sourceTree = SOURCE_ROOT; };
		3BFB146A187785E700A1731D /* gaia_iterator.h */ = {isa = PBXFileReference; fileEncoding = 4; lastKnownFileType = sourcecode.c.h; path = gaia_iterator.h; sourceTree = SOURCE_ROOT; };
		3BFB146B187785E700A1731D /* gaia_linkmodel.h */ = {isa = PBXFileReference; fileEncoding = 4; lastKnownFileType = sourcecode.c.h; path = gaia_linkmodel.h; sourceTree = SOURCE_ROOT; };
		3BFB146C187785E700A1731D /* gaia_log.h */ = {isa = PBXFileReference; fileEncoding = 4; lastKnownFileType = sourcecode.c.h; path = gaia_log.h; sourceTree = SOURCE_ROOT; };
		3BFB146D187785E700A1731D /* gaia_math_basic_indp.cpp */ = {isa = PBXFileReference; fileEncoding = 4; lastKnownFileType = sourcecode.cpp.cpp; path = gaia_math_basic_indp.cpp; sourceTree = SOURCE_ROOT; };
		3BFB146E187785E700A1731D /* gaia_math_basic_indp.h */ = {isa = PBXFileReference; fileEncoding = 4; lastKnownFileType = sourcecode.c.h; path = gaia_math_basic_indp.h; sourceTree = SOURCE_ROOT; };
		3BFB146F187785E700A1731D /* gaia_math_basic.h */ = {isa = PBXFileReference; fileEncoding = 4; lastKnownFileType = sourcecode.c.h; path = gaia_math_basic.h; sourceTree = SOURCE_ROOT; };
		3BFB1470187785E700A1731D /* gaia_math_cookies.h */ = {isa = PBXFileReference; fileEncoding = 4; lastKnownFileType = sourcecode.c.h; path = gaia_math_cookies.h; sourceTree = SOURCE_ROOT; };
		3BFB1471187785E700A1731D /* gaia_process.h */ = {isa = PBXFileReference; fileEncoding = 4; lastKnownFileType = sourcecode.c.h; path = gaia_process.h; sourceTree = SOURCE_ROOT; };
		3BFB1472187785E700A1731D /* gaia_serializer.h */ = {isa = PBXFileReference; fileEncoding = 4; lastKnownFileType = sourcecode.c.h; path = gaia_serializer.h; sourceTree = SOURCE_ROOT; };
		3BFB1473187785E700A1731D /* gaia_stream.h */ = {isa = PBXFileReference; fileEncoding = 4; lastKnownFileType = sourcecode.c.h; path = gaia_stream.h; sourceTree = SOURCE_ROOT; };
		3BFB1474187785E700A1731D /* gaia_sysconfig.h */ = {isa = PBXFileReference; fileEncoding = 4; lastKnownFileType = sourcecode.c.h; path = gaia_sysconfig.h; sourceTree = SOURCE_ROOT; };
		3BFB1475187785E700A1731D /* gaia_thread_indp.cpp */ = {isa = PBXFileReference; fileEncoding = 4; lastKnownFileType = sourcecode.cpp.cpp; path = gaia_thread_indp.cpp; sourceTree = SOURCE_ROOT; };
		3BFB1476187785E700A1731D /* gaia_thread_indp.h */ = {isa = PBXFileReference; fileEncoding = 4; lastKnownFileType = sourcecode.c.h; path = gaia_thread_indp.h; sourceTree = SOURCE_ROOT; };
		3BFB1477187785E700A1731D /* gaia_thread.h */ = {isa = PBXFileReference; fileEncoding = 4; lastKnownFileType = sourcecode.c.h; path = gaia_thread.h; sourceTree = SOURCE_ROOT; };
		3BFB1478187785E700A1731D /* gaia_time.h */ = {isa = PBXFileReference; fileEncoding = 4; lastKnownFileType = sourcecode.c.h; path = gaia_time.h; sourceTree = SOURCE_ROOT; };
		3BFB1479187785E700A1731D /* gaia_type_convert.h */ = {isa = PBXFileReference; fileEncoding = 4; lastKnownFileType = sourcecode.c.h; path = gaia_type_convert.h; sourceTree = SOURCE_ROOT; };
		3BFB147A187785E700A1731D /* gaia_type.h */ = {isa = PBXFileReference; fileEncoding = 4; lastKnownFileType = sourcecode.c.h; path = gaia_type.h; sourceTree = SOURCE_ROOT; };
		3BFB147B187785E700A1731D /* gaia.h */ = {isa = PBXFileReference; fileEncoding = 4; lastKnownFileType = sourcecode.c.h; path = gaia.h; sourceTree = SOURCE_ROOT; };
		3BFB147C187785E700A1731D /* GAIA.sln */ = {isa = PBXFileReference; fileEncoding = 4; lastKnownFileType = text; path = GAIA.sln; sourceTree = SOURCE_ROOT; };
		3BFB147D187785E700A1731D /* GAIA.vcproj */ = {isa = PBXFileReference; fileEncoding = 4; lastKnownFileType = text.xml; path = GAIA.vcproj; sourceTree = SOURCE_ROOT; };
		3BFB147E187785E700A1731D /* preheader.cpp */ = {isa = PBXFileReference; fileEncoding = 4; lastKnownFileType = sourcecode.cpp.cpp; path = preheader.cpp; sourceTree = SOURCE_ROOT; };
		3BFB147F187785E700A1731D /* preheader.h */ = {isa = PBXFileReference; fileEncoding = 4; lastKnownFileType = sourcecode.c.h; path = preheader.h; sourceTree = SOURCE_ROOT; };
		3BFB14831877920A00A1731D /* main.cpp */ = {isa = PBXFileReference; fileEncoding = 4; lastKnownFileType = sourcecode.cpp.cpp; path = main.cpp; sourceTree = SOURCE_ROOT; };
/* End PBXFileReference section */

/* Begin PBXFrameworksBuildPhase section */
		3BFB13F41877852C00A1731D /* Frameworks */ = {
			isa = PBXFrameworksBuildPhase;
			buildActionMask = 2147483647;
			files = (
			);
			runOnlyForDeploymentPostprocessing = 0;
		};
/* End PBXFrameworksBuildPhase section */

/* Begin PBXGroup section */
		3BFB13EC1877852B00A1731D = {
			isa = PBXGroup;
			children = (
				3BFB13FA1877852C00A1731D /* GAIA */,
				3BFB13F81877852C00A1731D /* Products */,
			);
			sourceTree = "<group>";
		};
		3BFB13F81877852C00A1731D /* Products */ = {
			isa = PBXGroup;
			children = (
				3BFB13F71877852C00A1731D /* GAIA */,
			);
			name = Products;
			sourceTree = "<group>";
		};
		3BFB13FA1877852C00A1731D /* GAIA */ = {
			isa = PBXGroup;
			children = (
				3BFB14831877920A00A1731D /* main.cpp */,
				3BFB144A187785E700A1731D /* gaia_allocator_crt.h */,
				3BFB144B187785E700A1731D /* gaia_allocator_esg.h */,
				3BFB144C187785E700A1731D /* gaia_allocator.h */,
				3BFB144D187785E700A1731D /* gaia_arithmetic_compare.h */,
				3BFB144E187785E700A1731D /* gaia_arithmetic_memory.h */,
				3BFB144F187785E700A1731D /* gaia_arithmetic_sizeincreaser.h */,
				3BFB1450187785E700A1731D /* gaia_assert.h */,
				3BFB1451187785E700A1731D /* gaia_atom_event.h */,
				3BFB1452187785E700A1731D /* gaia_atom_lock.h */,
				3BFB1453187785E700A1731D /* gaia_atom_mutex.h */,
				3BFB1454187785E700A1731D /* gaia_clsid.h */,
				3BFB1455187785E700A1731D /* gaia_container_array.h */,
				3BFB1456187785E700A1731D /* gaia_container_astring.h */,
				3BFB1457187785E700A1731D /* gaia_container_basicarray.h */,
				3BFB1458187785E700A1731D /* gaia_container_basicstack.h */,
				3BFB1459187785E700A1731D /* gaia_container_basicstring.h */,
				3BFB145A187785E700A1731D /* gaia_container_basicvector.h */,
				3BFB145B187785E700A1731D /* gaia_container_buffer.h */,
				3BFB145C187785E700A1731D /* gaia_container_tstring.h */,
				3BFB145D187785E700A1731D /* gaia_container_vector.h */,
				3BFB145E187785E700A1731D /* gaia_container_wstring.h */,
				3BFB145F187785E700A1731D /* gaia_datamodel_sp.h */,
				3BFB1460187785E700A1731D /* gaia_datamodel.h */,
				3BFB1461187785E700A1731D /* gaia_dataphase_xml.h */,
				3BFB1462187785E700A1731D /* gaia_directory.h */,
				3BFB1463187785E700A1731D /* gaia_error.h */,
				3BFB1464187785E700A1731D /* gaia_factory.h */,
				3BFB1465187785E700A1731D /* gaia_file.h */,
				3BFB1466187785E700A1731D /* gaia_framework.h */,
				3BFB1467187785E700A1731D /* gaia_hd.h */,
				3BFB1468187785E700A1731D /* gaia_id.h */,
				3BFB1469187785E700A1731D /* gaia_instance.h */,
				3BFB146A187785E700A1731D /* gaia_iterator.h */,
				3BFB146B187785E700A1731D /* gaia_linkmodel.h */,
				3BFB146C187785E700A1731D /* gaia_log.h */,
				3BFB146D187785E700A1731D /* gaia_math_basic_indp.cpp */,
				3BFB146E187785E700A1731D /* gaia_math_basic_indp.h */,
				3BFB146F187785E700A1731D /* gaia_math_basic.h */,
				3BFB1470187785E700A1731D /* gaia_math_cookies.h */,
				3BFB1471187785E700A1731D /* gaia_process.h */,
				3BFB1472187785E700A1731D /* gaia_serializer.h */,
				3BFB1473187785E700A1731D /* gaia_stream.h */,
				3BFB1474187785E700A1731D /* gaia_sysconfig.h */,
				3BFB1475187785E700A1731D /* gaia_thread_indp.cpp */,
				3BFB1476187785E700A1731D /* gaia_thread_indp.h */,
				3BFB1477187785E700A1731D /* gaia_thread.h */,
				3BFB1478187785E700A1731D /* gaia_time.h */,
				3BFB1479187785E700A1731D /* gaia_type_convert.h */,
				3BFB147A187785E700A1731D /* gaia_type.h */,
				3BFB147B187785E700A1731D /* gaia.h */,
				3BFB147C187785E700A1731D /* GAIA.sln */,
				3BFB147D187785E700A1731D /* GAIA.vcproj */,
				3BFB147E187785E700A1731D /* preheader.cpp */,
				3BFB147F187785E700A1731D /* preheader.h */,
			);
			path = GAIA;
			sourceTree = "<group>";
		};
/* End PBXGroup section */

/* Begin PBXNativeTarget section */
		3BFB13F61877852C00A1731D /* GAIA */ = {
			isa = PBXNativeTarget;
			buildConfigurationList = 3BFB14011877852D00A1731D /* Build configuration list for PBXNativeTarget "GAIA" */;
			buildPhases = (
				3BFB13F31877852C00A1731D /* Sources */,
				3BFB13F41877852C00A1731D /* Frameworks */,
				3BFB13F51877852C00A1731D /* CopyFiles */,
			);
			buildRules = (
			);
			dependencies = (
			);
			name = GAIA;
			productName = GAIA;
			productReference = 3BFB13F71877852C00A1731D /* GAIA */;
			productType = "com.apple.product-type.tool";
		};
/* End PBXNativeTarget section */

/* Begin PBXProject section */
		3BFB13EE1877852C00A1731D /* Project object */ = {
			isa = PBXProject;
			attributes = {
				LastUpgradeCheck = 0440;
				ORGANIZATIONNAME = Armterla;
			};
			buildConfigurationList = 3BFB13F11877852C00A1731D /* Build configuration list for PBXProject "GAIA" */;
			compatibilityVersion = "Xcode 3.2";
			developmentRegion = English;
			hasScannedForEncodings = 0;
			knownRegions = (
				en,
			);
			mainGroup = 3BFB13EC1877852B00A1731D;
			productRefGroup = 3BFB13F81877852C00A1731D /* Products */;
			projectDirPath = "";
			projectRoot = "";
			targets = (
				3BFB13F61877852C00A1731D /* GAIA */,
			);
		};
/* End PBXProject section */

/* Begin PBXSourcesBuildPhase section */
		3BFB13F31877852C00A1731D /* Sources */ = {
			isa = PBXSourcesBuildPhase;
			buildActionMask = 2147483647;
			files = (
				3BFB1481187785E700A1731D /* gaia_thread_indp.cpp in Sources */,
				3BFB1480187785E700A1731D /* gaia_math_basic_indp.cpp in Sources */,
				3BFB1482187785E700A1731D /* preheader.cpp in Sources */,
				3BFB14841877920A00A1731D /* main.cpp in Sources */,
			);
			runOnlyForDeploymentPostprocessing = 0;
		};
/* End PBXSourcesBuildPhase section */

/* Begin XCBuildConfiguration section */
		3BFB13FF1877852D00A1731D /* Debug */ = {
			isa = XCBuildConfiguration;
			buildSettings = {
				ALWAYS_SEARCH_USER_PATHS = NO;
				ARCHS = "$(ARCHS_STANDARD_64_BIT)";
				CLANG_CXX_LANGUAGE_STANDARD = "gnu++0x";
				CLANG_ENABLE_OBJC_ARC = NO;
				CLANG_WARN__DUPLICATE_METHOD_MATCH = YES;
				COPY_PHASE_STRIP = NO;
				GCC_C_LANGUAGE_STANDARD = gnu99;
				GCC_DYNAMIC_NO_PIC = NO;
				GCC_ENABLE_OBJC_EXCEPTIONS = NO;
				GCC_OPTIMIZATION_LEVEL = 0;
				GCC_PREPROCESSOR_DEFINITIONS = (
					"DEBUG=1",
					"$(inherited)",
				);
				GCC_SYMBOLS_PRIVATE_EXTERN = NO;
				GCC_WARN_64_TO_32_BIT_CONVERSION = YES;
				GCC_WARN_ABOUT_RETURN_TYPE = YES;
				GCC_WARN_UNINITIALIZED_AUTOS = YES;
				GCC_WARN_UNUSED_VARIABLE = YES;
				MACOSX_DEPLOYMENT_TARGET = 10.8;
				ONLY_ACTIVE_ARCH = YES;
				SDKROOT = macosx;
			};
			name = Debug;
		};
		3BFB14001877852D00A1731D /* Release */ = {
			isa = XCBuildConfiguration;
			buildSettings = {
				ALWAYS_SEARCH_USER_PATHS = NO;
				ARCHS = "$(ARCHS_STANDARD_64_BIT)";
				CLANG_CXX_LANGUAGE_STANDARD = "gnu++0x";
				CLANG_ENABLE_OBJC_ARC = NO;
				CLANG_WARN__DUPLICATE_METHOD_MATCH = YES;
				COPY_PHASE_STRIP = YES;
				DEBUG_INFORMATION_FORMAT = "dwarf-with-dsym";
				GCC_C_LANGUAGE_STANDARD = gnu99;
				GCC_ENABLE_OBJC_EXCEPTIONS = NO;
				GCC_WARN_64_TO_32_BIT_CONVERSION = YES;
				GCC_WARN_ABOUT_RETURN_TYPE = YES;
				GCC_WARN_UNINITIALIZED_AUTOS = YES;
				GCC_WARN_UNUSED_VARIABLE = YES;
				MACOSX_DEPLOYMENT_TARGET = 10.8;
				SDKROOT = macosx;
			};
			name = Release;
		};
		3BFB14021877852D00A1731D /* Debug */ = {
			isa = XCBuildConfiguration;
			buildSettings = {
				CLANG_CXX_LANGUAGE_STANDARD = "gnu++0x";
				GCC_C_LANGUAGE_STANDARD = "compiler-default";
				PRODUCT_NAME = "$(TARGET_NAME)";
			};
			name = Debug;
		};
		3BFB14031877852D00A1731D /* Release */ = {
			isa = XCBuildConfiguration;
			buildSettings = {
				CLANG_CXX_LANGUAGE_STANDARD = "gnu++0x";
				GCC_C_LANGUAGE_STANDARD = "compiler-default";
				PRODUCT_NAME = "$(TARGET_NAME)";
			};
			name = Release;
		};
/* End XCBuildConfiguration section */

/* Begin XCConfigurationList section */
		3BFB13F11877852C00A1731D /* Build configuration list for PBXProject "GAIA" */ = {
			isa = XCConfigurationList;
			buildConfigurations = (
				3BFB13FF1877852D00A1731D /* Debug */,
				3BFB14001877852D00A1731D /* Release */,
			);
			defaultConfigurationIsVisible = 0;
			defaultConfigurationName = Release;
		};
		3BFB14011877852D00A1731D /* Build configuration list for PBXNativeTarget "GAIA" */ = {
			isa = XCConfigurationList;
			buildConfigurations = (
				3BFB14021877852D00A1731D /* Debug */,
				3BFB14031877852D00A1731D /* Release */,
			);
			defaultConfigurationIsVisible = 0;
			defaultConfigurationName = Release;
		};
/* End XCConfigurationList section */
	};
	rootObject = 3BFB13EE1877852C00A1731D /* Project object */;
}
