// !$*UTF8*$!
{
	archiveVersion = 1;
	classes = {
	};
	objectVersion = 46;
	objects = {

/* Begin PBXBuildFile section */
		3BD55C7A187F1C3100FE89B5 /* gaia_math_random_indp.cpp in Sources */ = {isa = PBXBuildFile; fileRef = 3BD55C72187F1C3000FE89B5 /* gaia_math_random_indp.cpp */; };
		3BD55C7B187F1C3100FE89B5 /* gaia_sync_base_indp.cpp in Sources */ = {isa = PBXBuildFile; fileRef = 3BD55C75187F1C3000FE89B5 /* gaia_sync_base_indp.cpp */; };
		3BD55C7C187F1C3100FE89B5 /* gaia_time_indp.cpp in Sources */ = {isa = PBXBuildFile; fileRef = 3BD55C77187F1C3000FE89B5 /* gaia_time_indp.cpp */; };
		3BDEBFF018784C5D009605F4 /* gaia_file_indp.cpp in Sources */ = {isa = PBXBuildFile; fileRef = 3BDEBFEE18784C5C009605F4 /* gaia_file_indp.cpp */; };
		3BFB1480187785E700A1731D /* gaia_math_basic_indp.cpp in Sources */ = {isa = PBXBuildFile; fileRef = 3BFB146D187785E700A1731D /* gaia_math_basic_indp.cpp */; };
		3BFB1481187785E700A1731D /* gaia_thread_indp.cpp in Sources */ = {isa = PBXBuildFile; fileRef = 3BFB1475187785E700A1731D /* gaia_thread_indp.cpp */; };
		3BFB1482187785E700A1731D /* preheader.cpp in Sources */ = {isa = PBXBuildFile; fileRef = 3BFB147E187785E700A1731D /* preheader.cpp */; };
		3BFB14841877920A00A1731D /* main.cpp in Sources */ = {isa = PBXBuildFile; fileRef = 3BFB14831877920A00A1731D /* main.cpp */; };
/* End PBXBuildFile section */

/* Begin PBXCopyFilesBuildPhase section */
		3BFB13F51877852C00A1731D /* CopyFiles */ = {
			isa = PBXCopyFilesBuildPhase;
			buildActionMask = 2147483647;
			dstPath = /usr/share/man/man1/;
			dstSubfolderSpec = 0;
			files = (
			);
			runOnlyForDeploymentPostprocessing = 1;
		};
/* End PBXCopyFilesBuildPhase section */

/* Begin PBXFileReference section */
		3B6F8FC81884F00B00C9B60D /* gaia_ai_context.h */ = {isa = PBXFileReference; fileEncoding = 4; lastKnownFileType = sourcecode.c.h; path = gaia_ai_context.h; sourceTree = SOURCE_ROOT; };
		3B6F8FC91884F00B00C9B60D /* gaia_physics_context.h */ = {isa = PBXFileReference; fileEncoding = 4; lastKnownFileType = sourcecode.c.h; path = gaia_physics_context.h; sourceTree = SOURCE_ROOT; };
		3B6F8FCA1884F00B00C9B60D /* gaia_physics_physicsdriver.h */ = {isa = PBXFileReference; fileEncoding = 4; lastKnownFileType = sourcecode.c.h; path = gaia_physics_physicsdriver.h; sourceTree = SOURCE_ROOT; };
		3B6F8FCB1884F00C00C9B60D /* gaia_render_context.h */ = {isa = PBXFileReference; fileEncoding = 4; lastKnownFileType = sourcecode.c.h; path = gaia_render_context.h; sourceTree = SOURCE_ROOT; };
		3B6F8FCC1884F00C00C9B60D /* gaia_render_dx9.h */ = {isa = PBXFileReference; fileEncoding = 4; lastKnownFileType = sourcecode.c.h; path = gaia_render_dx9.h; sourceTree = SOURCE_ROOT; };
		3B6F8FCD1884F00C00C9B60D /* gaia_render_dx10.h */ = {isa = PBXFileReference; fileEncoding = 4; lastKnownFileType = sourcecode.c.h; path = gaia_render_dx10.h; sourceTree = SOURCE_ROOT; };
		3B6F8FCE1884F00C00C9B60D /* gaia_render_dx11.h */ = {isa = PBXFileReference; fileEncoding = 4; lastKnownFileType = sourcecode.c.h; path = gaia_render_dx11.h; sourceTree = SOURCE_ROOT; };
		3B6F8FCF1884F00D00C9B60D /* gaia_render_gl1.h */ = {isa = PBXFileReference; fileEncoding = 4; lastKnownFileType = sourcecode.c.h; path = gaia_render_gl1.h; sourceTree = SOURCE_ROOT; };
		3B6F8FD01884F00D00C9B60D /* gaia_render_gl2.h */ = {isa = PBXFileReference; fileEncoding = 4; lastKnownFileType = sourcecode.c.h; path = gaia_render_gl2.h; sourceTree = SOURCE_ROOT; };
		3B6F8FD11884F00D00C9B60D /* gaia_render_gl3.h */ = {isa = PBXFileReference; fileEncoding = 4; lastKnownFileType = sourcecode.c.h; path = gaia_render_gl3.h; sourceTree = SOURCE_ROOT; };
		3B6F8FD21884F00D00C9B60D /* gaia_render_gles1.h */ = {isa = PBXFileReference; fileEncoding = 4; lastKnownFileType = sourcecode.c.h; path = gaia_render_gles1.h; sourceTree = SOURCE_ROOT; };
		3B6F8FD31884F00D00C9B60D /* gaia_render_gles2.h */ = {isa = PBXFileReference; fileEncoding = 4; lastKnownFileType = sourcecode.c.h; path = gaia_render_gles2.h; sourceTree = SOURCE_ROOT; };
		3B6F8FD41884F00D00C9B60D /* gaia_render_gles3.h */ = {isa = PBXFileReference; fileEncoding = 4; lastKnownFileType = sourcecode.c.h; path = gaia_render_gles3.h; sourceTree = SOURCE_ROOT; };
		3B6F8FD51884F00D00C9B60D /* gaia_render_indexbuffer.h */ = {isa = PBXFileReference; fileEncoding = 4; lastKnownFileType = sourcecode.c.h; path = gaia_render_indexbuffer.h; sourceTree = SOURCE_ROOT; };
		3B6F8FD61884F00D00C9B60D /* gaia_render_pipeline.h */ = {isa = PBXFileReference; fileEncoding = 4; lastKnownFileType = sourcecode.c.h; path = gaia_render_pipeline.h; sourceTree = SOURCE_ROOT; };
		3B6F8FD71884F00D00C9B60D /* gaia_render_render.h */ = {isa = PBXFileReference; fileEncoding = 4; lastKnownFileType = sourcecode.c.h; path = gaia_render_render.h; sourceTree = SOURCE_ROOT; };
		3B6F8FD81884F00D00C9B60D /* gaia_render_target.h */ = {isa = PBXFileReference; fileEncoding = 4; lastKnownFileType = sourcecode.c.h; path = gaia_render_target.h; sourceTree = SOURCE_ROOT; };
		3B6F8FD91884F00E00C9B60D /* gaia_render_texture.h */ = {isa = PBXFileReference; fileEncoding = 4; lastKnownFileType = sourcecode.c.h; path = gaia_render_texture.h; sourceTree = SOURCE_ROOT; };
		3B6F8FDA1884F00E00C9B60D /* gaia_render_vertexbuffer.h */ = {isa = PBXFileReference; fileEncoding = 4; lastKnownFileType = sourcecode.c.h; path = gaia_render_vertexbuffer.h; sourceTree = SOURCE_ROOT; };
		3B6F8FDB1884F00E00C9B60D /* gaia_resource_resource.h */ = {isa = PBXFileReference; fileEncoding = 4; lastKnownFileType = sourcecode.c.h; path = gaia_resource_resource.h; sourceTree = SOURCE_ROOT; };
		3B6F8FDC1884F00E00C9B60D /* gaia_resource_resourcedriver.h */ = {isa = PBXFileReference; fileEncoding = 4; lastKnownFileType = sourcecode.c.h; path = gaia_resource_resourcedriver.h; sourceTree = SOURCE_ROOT; };
		3B6F8FDD1884F00E00C9B60D /* gaia_scene_camera.h */ = {isa = PBXFileReference; fileEncoding = 4; lastKnownFileType = sourcecode.c.h; path = gaia_scene_camera.h; sourceTree = SOURCE_ROOT; };
		3B6F8FDE1884F00E00C9B60D /* gaia_scene_component.h */ = {isa = PBXFileReference; fileEncoding = 4; lastKnownFileType = sourcecode.c.h; path = gaia_scene_component.h; sourceTree = SOURCE_ROOT; };
		3B6F8FDF1884F00E00C9B60D /* gaia_scene_geometry.h */ = {isa = PBXFileReference; fileEncoding = 4; lastKnownFileType = sourcecode.c.h; path = gaia_scene_geometry.h; sourceTree = SOURCE_ROOT; };
		3B6F8FE01884F00E00C9B60D /* gaia_scene_heightfield.h */ = {isa = PBXFileReference; fileEncoding = 4; lastKnownFileType = sourcecode.c.h; path = gaia_scene_heightfield.h; sourceTree = SOURCE_ROOT; };
		3B6F8FE11884F00E00C9B60D /* gaia_scene_particle.h */ = {isa = PBXFileReference; fileEncoding = 4; lastKnownFileType = sourcecode.c.h; path = gaia_scene_particle.h; sourceTree = SOURCE_ROOT; };
		3B6F8FE21884F00E00C9B60D /* gaia_scene_postprocess.h */ = {isa = PBXFileReference; fileEncoding = 4; lastKnownFileType = sourcecode.c.h; path = gaia_scene_postprocess.h; sourceTree = SOURCE_ROOT; };
		3B6F8FE31884F00E00C9B60D /* gaia_scene_scene.h */ = {isa = PBXFileReference; fileEncoding = 4; lastKnownFileType = sourcecode.c.h; path = gaia_scene_scene.h; sourceTree = SOURCE_ROOT; };
		3B6F8FE41884F00E00C9B60D /* gaia_scene_sceneobj.h */ = {isa = PBXFileReference; fileEncoding = 4; lastKnownFileType = sourcecode.c.h; path = gaia_scene_sceneobj.h; sourceTree = SOURCE_ROOT; };
		3B6F8FE51884F00E00C9B60D /* gaia_scene_skin.h */ = {isa = PBXFileReference; fileEncoding = 4; lastKnownFileType = sourcecode.c.h; path = gaia_scene_skin.h; sourceTree = SOURCE_ROOT; };
		3B6F8FE61884F00E00C9B60D /* gaia_scene_staticmesh.h */ = {isa = PBXFileReference; fileEncoding = 4; lastKnownFileType = sourcecode.c.h; path = gaia_scene_staticmesh.h; sourceTree = SOURCE_ROOT; };
		3B6F8FE71884F00E00C9B60D /* gaia_sound_listener.h */ = {isa = PBXFileReference; fileEncoding = 4; lastKnownFileType = sourcecode.c.h; path = gaia_sound_listener.h; sourceTree = SOURCE_ROOT; };
		3B6F8FE81884F00E00C9B60D /* gaia_sound_sounder.h */ = {isa = PBXFileReference; fileEncoding = 4; lastKnownFileType = sourcecode.c.h; path = gaia_sound_sounder.h; sourceTree = SOURCE_ROOT; };
		3B6F8FE91884F00F00C9B60D /* gaia_task_task.h */ = {isa = PBXFileReference; fileEncoding = 4; lastKnownFileType = sourcecode.c.h; path = gaia_task_task.h; sourceTree = SOURCE_ROOT; };
		3B6F8FEA1884F00F00C9B60D /* gaia_task_taskdriver.h */ = {isa = PBXFileReference; fileEncoding = 4; lastKnownFileType = sourcecode.c.h; path = gaia_task_taskdriver.h; sourceTree = SOURCE_ROOT; };
		3BD55BEC1879D4D300FE89B5 /* gaia_algorithm_base.h */ = {isa = PBXFileReference; fileEncoding = 4; lastKnownFileType = sourcecode.c.h; path = gaia_algorithm_base.h; sourceTree = SOURCE_ROOT; };
		3BD55BED1879D4D300FE89B5 /* gaia_algorithm_search.h */ = {isa = PBXFileReference; fileEncoding = 4; lastKnownFileType = sourcecode.c.h; path = gaia_algorithm_search.h; sourceTree = SOURCE_ROOT; };
		3BD55BEE1879D4D300FE89B5 /* gaia_algorithm_sort.h */ = {isa = PBXFileReference; fileEncoding = 4; lastKnownFileType = sourcecode.c.h; path = gaia_algorithm_sort.h; sourceTree = SOURCE_ROOT; };
		3BD55BEF1879D4D300FE89B5 /* gaia_container_basicorderless.h */ = {isa = PBXFileReference; fileEncoding = 4; lastKnownFileType = sourcecode.c.h; path = gaia_container_basicorderless.h; sourceTree = SOURCE_ROOT; };
		3BD55BF01879D4D300FE89B5 /* gaia_container_basicpackage.h */ = {isa = PBXFileReference; fileEncoding = 4; lastKnownFileType = sourcecode.c.h; path = gaia_container_basicpackage.h; sourceTree = SOURCE_ROOT; };
		3BD55BF11879D4D300FE89B5 /* gaia_container_basicstackpackage.h */ = {isa = PBXFileReference; fileEncoding = 4; lastKnownFileType = sourcecode.c.h; path = gaia_container_basicstackpackage.h; sourceTree = SOURCE_ROOT; };
		3BD55BF21879D4D300FE89B5 /* gaia_container_basicstackvar.h */ = {isa = PBXFileReference; fileEncoding = 4; lastKnownFileType = sourcecode.c.h; path = gaia_container_basicstackvar.h; sourceTree = SOURCE_ROOT; };
		3BD55BF31879D4D300FE89B5 /* gaia_container_basicvar.h */ = {isa = PBXFileReference; fileEncoding = 4; lastKnownFileType = sourcecode.c.h; path = gaia_container_basicvar.h; sourceTree = SOURCE_ROOT; };
		3BD55BF41879D4D300FE89B5 /* gaia_container_orderless.h */ = {isa = PBXFileReference; fileEncoding = 4; lastKnownFileType = sourcecode.c.h; path = gaia_container_orderless.h; sourceTree = SOURCE_ROOT; };
		3BD55BF51879D4D300FE89B5 /* gaia_container_queue.h */ = {isa = PBXFileReference; fileEncoding = 4; lastKnownFileType = sourcecode.c.h; path = gaia_container_queue.h; sourceTree = SOURCE_ROOT; };
		3BD55BF61879D4D300FE89B5 /* gaia_container_stack.h */ = {isa = PBXFileReference; fileEncoding = 4; lastKnownFileType = sourcecode.c.h; path = gaia_container_stack.h; sourceTree = SOURCE_ROOT; };
		3BD55BF71879D4D300FE89B5 /* gaia_datatraffic_gateway_file.h */ = {isa = PBXFileReference; fileEncoding = 4; lastKnownFileType = sourcecode.c.h; path = gaia_datatraffic_gateway_file.h; sourceTree = SOURCE_ROOT; };
		3BD55BF81879D4D300FE89B5 /* gaia_network.h */ = {isa = PBXFileReference; fileEncoding = 4; lastKnownFileType = sourcecode.c.h; path = gaia_network.h; sourceTree = SOURCE_ROOT; };
		3BD55BF91879D4D300FE89B5 /* gaia_sync_base.h */ = {isa = PBXFileReference; fileEncoding = 4; lastKnownFileType = sourcecode.c.h; path = gaia_sync_base.h; sourceTree = SOURCE_ROOT; };
		3BD55BFA1879D4D300FE89B5 /* gaia_sync_event.h */ = {isa = PBXFileReference; fileEncoding = 4; lastKnownFileType = sourcecode.c.h; path = gaia_sync_event.h; sourceTree = SOURCE_ROOT; };
		3BD55BFB1879D4D300FE89B5 /* gaia_sync_lock.h */ = {isa = PBXFileReference; fileEncoding = 4; lastKnownFileType = sourcecode.c.h; path = gaia_sync_lock.h; sourceTree = SOURCE_ROOT; };
		3BD55BFC1879D4D300FE89B5 /* gaia_sync_mutex.h */ = {isa = PBXFileReference; fileEncoding = 4; lastKnownFileType = sourcecode.c.h; path = gaia_sync_mutex.h; sourceTree = SOURCE_ROOT; };
		3BD55BFE1879D4E900FE89B5 /* gaia_datatraffic_gateway_impl.h */ = {isa = PBXFileReference; fileEncoding = 4; lastKnownFileType = sourcecode.c.h; path = gaia_datatraffic_gateway_impl.h; sourceTree = SOURCE_ROOT; };
		3BD55BFF1879D4E900FE89B5 /* gaia_datatraffic_gateway_mem.h */ = {isa = PBXFileReference; fileEncoding = 4; lastKnownFileType = sourcecode.c.h; path = gaia_datatraffic_gateway_mem.h; sourceTree = SOURCE_ROOT; };
		3BD55C001879D4E900FE89B5 /* gaia_datatraffic_gateway_sharemem.h */ = {isa = PBXFileReference; fileEncoding = 4; lastKnownFileType = sourcecode.c.h; path = gaia_datatraffic_gateway_sharemem.h; sourceTree = SOURCE_ROOT; };
		3BD55C011879D4E900FE89B5 /* gaia_datatraffic_gateway.h */ = {isa = PBXFileReference; fileEncoding = 4; lastKnownFileType = sourcecode.c.h; path = gaia_datatraffic_gateway.h; sourceTree = SOURCE_ROOT; };
		3BD55C021879D4E900FE89B5 /* gaia_datatraffic_route_impl.h */ = {isa = PBXFileReference; fileEncoding = 4; lastKnownFileType = sourcecode.c.h; path = gaia_datatraffic_route_impl.h; sourceTree = SOURCE_ROOT; };
		3BD55C031879D4E900FE89B5 /* gaia_datatraffic_route_mem.h */ = {isa = PBXFileReference; fileEncoding = 4; lastKnownFileType = sourcecode.c.h; path = gaia_datatraffic_route_mem.h; sourceTree = SOURCE_ROOT; };
		3BD55C041879D4E900FE89B5 /* gaia_datatraffic_route_net.h */ = {isa = PBXFileReference; fileEncoding = 4; lastKnownFileType = sourcecode.c.h; path = gaia_datatraffic_route_net.h; sourceTree = SOURCE_ROOT; };
		3BD55C051879D4E900FE89B5 /* gaia_datatraffic_route.h */ = {isa = PBXFileReference; fileEncoding = 4; lastKnownFileType = sourcecode.c.h; path = gaia_datatraffic_route.h; sourceTree = SOURCE_ROOT; };
		3BD55C061879D4E900FE89B5 /* gaia_datatraffic_transmission_idm.h */ = {isa = PBXFileReference; fileEncoding = 4; lastKnownFileType = sourcecode.c.h; path = gaia_datatraffic_transmission_idm.h; sourceTree = SOURCE_ROOT; };
		3BD55C071879D4E900FE89B5 /* gaia_datatraffic_transmission.h */ = {isa = PBXFileReference; fileEncoding = 4; lastKnownFileType = sourcecode.c.h; path = gaia_datatraffic_transmission.h; sourceTree = SOURCE_ROOT; };
		3BD55C64187B055D00FE89B5 /* gaia_container_list.h */ = {isa = PBXFileReference; lastKnownFileType = sourcecode.c.h; path = gaia_container_list.h; sourceTree = SOURCE_ROOT; };
		3BD55C65187B05C000FE89B5 /* gaia_container_basiclist.h */ = {isa = PBXFileReference; lastKnownFileType = sourcecode.c.h; path = gaia_container_basiclist.h; sourceTree = SOURCE_ROOT; };
		3BD55C6A187F1C3000FE89B5 /* gaia_container_avltree.h */ = {isa = PBXFileReference; fileEncoding = 4; lastKnownFileType = sourcecode.c.h; path = gaia_container_avltree.h; sourceTree = SOURCE_ROOT; };
		3BD55C6B187F1C3000FE89B5 /* gaia_container_basicchars.h */ = {isa = PBXFileReference; fileEncoding = 4; lastKnownFileType = sourcecode.c.h; path = gaia_container_basicchars.h; sourceTree = SOURCE_ROOT; };
		3BD55C6C187F1C3000FE89B5 /* gaia_container_basicpool.h */ = {isa = PBXFileReference; fileEncoding = 4; lastKnownFileType = sourcecode.c.h; path = gaia_container_basicpool.h; sourceTree = SOURCE_ROOT; };
		3BD55C6D187F1C3000FE89B5 /* gaia_container_basicset.h */ = {isa = PBXFileReference; fileEncoding = 4; lastKnownFileType = sourcecode.c.h; path = gaia_container_basicset.h; sourceTree = SOURCE_ROOT; };
		3BD55C6E187F1C3000FE89B5 /* gaia_container_chars.h */ = {isa = PBXFileReference; fileEncoding = 4; lastKnownFileType = sourcecode.c.h; path = gaia_container_chars.h; sourceTree = SOURCE_ROOT; };
		3BD55C6F187F1C3000FE89B5 /* gaia_container_pool.h */ = {isa = PBXFileReference; fileEncoding = 4; lastKnownFileType = sourcecode.c.h; path = gaia_container_pool.h; sourceTree = SOURCE_ROOT; };
		3BD55C70187F1C3000FE89B5 /* gaia_container_set.h */ = {isa = PBXFileReference; fileEncoding = 4; lastKnownFileType = sourcecode.c.h; path = gaia_container_set.h; sourceTree = SOURCE_ROOT; };
		3BD55C71187F1C3000FE89B5 /* gaia_math_lerp.h */ = {isa = PBXFileReference; fileEncoding = 4; lastKnownFileType = sourcecode.c.h; path = gaia_math_lerp.h; sourceTree = SOURCE_ROOT; };
		3BD55C72187F1C3000FE89B5 /* gaia_math_random_indp.cpp */ = {isa = PBXFileReference; fileEncoding = 4; lastKnownFileType = sourcecode.cpp.cpp; path = gaia_math_random_indp.cpp; sourceTree = SOURCE_ROOT; };
		3BD55C73187F1C3000FE89B5 /* gaia_math_random_indp.h */ = {isa = PBXFileReference; fileEncoding = 4; lastKnownFileType = sourcecode.c.h; path = gaia_math_random_indp.h; sourceTree = SOURCE_ROOT; };
		3BD55C74187F1C3000FE89B5 /* gaia_math_random.h */ = {isa = PBXFileReference; fileEncoding = 4; lastKnownFileType = sourcecode.c.h; path = gaia_math_random.h; sourceTree = SOURCE_ROOT; };
		3BD55C75187F1C3000FE89B5 /* gaia_sync_base_indp.cpp */ = {isa = PBXFileReference; fileEncoding = 4; lastKnownFileType = sourcecode.cpp.cpp; path = gaia_sync_base_indp.cpp; sourceTree = SOURCE_ROOT; };
		3BD55C76187F1C3000FE89B5 /* gaia_sync_base_indp.h */ = {isa = PBXFileReference; fileEncoding = 4; lastKnownFileType = sourcecode.c.h; path = gaia_sync_base_indp.h; sourceTree = SOURCE_ROOT; };
		3BD55C77187F1C3000FE89B5 /* gaia_time_indp.cpp */ = {isa = PBXFileReference; fileEncoding = 4; lastKnownFileType = sourcecode.cpp.cpp; path = gaia_time_indp.cpp; sourceTree = SOURCE_ROOT; };
		3BD55C78187F1C3000FE89B5 /* gaia_time_indp.h */ = {isa = PBXFileReference; fileEncoding = 4; lastKnownFileType = sourcecode.c.h; path = gaia_time_indp.h; sourceTree = SOURCE_ROOT; };
		3BD55C79187F1C3000FE89B5 /* gaia_type_traits2.h */ = {isa = PBXFileReference; fileEncoding = 4; lastKnownFileType = sourcecode.c.h; path = gaia_type_traits2.h; sourceTree = SOURCE_ROOT; };
		3BD55C7E18802D4700FE89B5 /* gaia_container_basicbitset.h */ = {isa = PBXFileReference; fileEncoding = 4; lastKnownFileType = sourcecode.c.h; path = gaia_container_basicbitset.h; sourceTree = SOURCE_ROOT; };
		3BD55C7F18802D4800FE89B5 /* gaia_container_basicdictionary.h */ = {isa = PBXFileReference; fileEncoding = 4; lastKnownFileType = sourcecode.c.h; path = gaia_container_basicdictionary.h; sourceTree = SOURCE_ROOT; };
		3BD55C8018802D4900FE89B5 /* gaia_container_basicgraph.h */ = {isa = PBXFileReference; fileEncoding = 4; lastKnownFileType = sourcecode.c.h; path = gaia_container_basicgraph.h; sourceTree = SOURCE_ROOT; };
		3BD55C8118802D4A00FE89B5 /* gaia_container_basicmap.h */ = {isa = PBXFileReference; fileEncoding = 4; lastKnownFileType = sourcecode.c.h; path = gaia_container_basicmap.h; sourceTree = SOURCE_ROOT; };
		3BD55C8218802D4B00FE89B5 /* gaia_container_basicpair.h */ = {isa = PBXFileReference; fileEncoding = 4; lastKnownFileType = sourcecode.c.h; path = gaia_container_basicpair.h; sourceTree = SOURCE_ROOT; };
		3BD55C8318802D4C00FE89B5 /* gaia_container_basicpriqueue.h */ = {isa = PBXFileReference; fileEncoding = 4; lastKnownFileType = sourcecode.c.h; path = gaia_container_basicpriqueue.h; sourceTree = SOURCE_ROOT; };
		3BD55C8418802D4D00FE89B5 /* gaia_container_basicstackbitset.h */ = {isa = PBXFileReference; fileEncoding = 4; lastKnownFileType = sourcecode.c.h; path = gaia_container_basicstackbitset.h; sourceTree = SOURCE_ROOT; };
		3BD55C8518802D4E00FE89B5 /* gaia_container_bitset.h */ = {isa = PBXFileReference; fileEncoding = 4; lastKnownFileType = sourcecode.c.h; path = gaia_container_bitset.h; sourceTree = SOURCE_ROOT; };
		3BD55C8618802D5000FE89B5 /* gaia_container_stackbitset.h */ = {isa = PBXFileReference; fileEncoding = 4; lastKnownFileType = sourcecode.c.h; path = gaia_container_stackbitset.h; sourceTree = SOURCE_ROOT; };
		3BDEBFE918781C54009605F4 /* gaia_algorithm_compare.h */ = {isa = PBXFileReference; fileEncoding = 4; lastKnownFileType = sourcecode.c.h; path = gaia_algorithm_compare.h; sourceTree = SOURCE_ROOT; };
		3BDEBFEA18781C55009605F4 /* gaia_algorithm_memory.h */ = {isa = PBXFileReference; fileEncoding = 4; lastKnownFileType = sourcecode.c.h; path = gaia_algorithm_memory.h; sourceTree = SOURCE_ROOT; };
		3BDEBFEB18781C55009605F4 /* gaia_algorithm_sizeincreaser.h */ = {isa = PBXFileReference; fileEncoding = 4; lastKnownFileType = sourcecode.c.h; path = gaia_algorithm_sizeincreaser.h; sourceTree = SOURCE_ROOT; };
		3BDEBFEC18781C55009605F4 /* gaia_algorithm_string.h */ = {isa = PBXFileReference; fileEncoding = 4; lastKnownFileType = sourcecode.c.h; path = gaia_algorithm_string.h; sourceTree = SOURCE_ROOT; };
		3BDEBFEE18784C5C009605F4 /* gaia_file_indp.cpp */ = {isa = PBXFileReference; fileEncoding = 4; lastKnownFileType = sourcecode.cpp.cpp; path = gaia_file_indp.cpp; sourceTree = SOURCE_ROOT; };
		3BDEBFEF18784C5C009605F4 /* gaia_file_indp.h */ = {isa = PBXFileReference; fileEncoding = 4; lastKnownFileType = sourcecode.c.h; path = gaia_file_indp.h; sourceTree = SOURCE_ROOT; };
		3BDEBFF118787E7F009605F4 /* gaia_container_basicqueue.h */ = {isa = PBXFileReference; fileEncoding = 4; lastKnownFileType = sourcecode.c.h; path = gaia_container_basicqueue.h; sourceTree = SOURCE_ROOT; };
		3BFB13F71877852C00A1731D /* GAIA */ = {isa = PBXFileReference; explicitFileType = "compiled.mach-o.executable"; includeInIndex = 0; path = GAIA; sourceTree = BUILT_PRODUCTS_DIR; };
		3BFB144A187785E700A1731D /* gaia_allocator_crt.h */ = {isa = PBXFileReference; fileEncoding = 4; lastKnownFileType = sourcecode.c.h; path = gaia_allocator_crt.h; sourceTree = SOURCE_ROOT; };
		3BFB144B187785E700A1731D /* gaia_allocator_esg.h */ = {isa = PBXFileReference; fileEncoding = 4; lastKnownFileType = sourcecode.c.h; path = gaia_allocator_esg.h; sourceTree = SOURCE_ROOT; };
		3BFB144C187785E700A1731D /* gaia_allocator.h */ = {isa = PBXFileReference; fileEncoding = 4; lastKnownFileType = sourcecode.c.h; path = gaia_allocator.h; sourceTree = SOURCE_ROOT; };
		3BFB1450187785E700A1731D /* gaia_assert.h */ = {isa = PBXFileReference; fileEncoding = 4; lastKnownFileType = sourcecode.c.h; path = gaia_assert.h; sourceTree = SOURCE_ROOT; };
		3BFB1454187785E700A1731D /* gaia_clsid.h */ = {isa = PBXFileReference; fileEncoding = 4; lastKnownFileType = sourcecode.c.h; path = gaia_clsid.h; sourceTree = SOURCE_ROOT; };
		3BFB1455187785E700A1731D /* gaia_container_array.h */ = {isa = PBXFileReference; fileEncoding = 4; lastKnownFileType = sourcecode.c.h; path = gaia_container_array.h; sourceTree = SOURCE_ROOT; };
		3BFB1456187785E700A1731D /* gaia_container_astring.h */ = {isa = PBXFileReference; fileEncoding = 4; lastKnownFileType = sourcecode.c.h; path = gaia_container_astring.h; sourceTree = SOURCE_ROOT; };
		3BFB1457187785E700A1731D /* gaia_container_basicarray.h */ = {isa = PBXFileReference; fileEncoding = 4; lastKnownFileType = sourcecode.c.h; path = gaia_container_basicarray.h; sourceTree = SOURCE_ROOT; };
		3BFB1458187785E700A1731D /* gaia_container_basicstack.h */ = {isa = PBXFileReference; fileEncoding = 4; lastKnownFileType = sourcecode.c.h; path = gaia_container_basicstack.h; sourceTree = SOURCE_ROOT; };
		3BFB1459187785E700A1731D /* gaia_container_basicstring.h */ = {isa = PBXFileReference; fileEncoding = 4; lastKnownFileType = sourcecode.c.h; path = gaia_container_basicstring.h; sourceTree = SOURCE_ROOT; };
		3BFB145A187785E700A1731D /* gaia_container_basicvector.h */ = {isa = PBXFileReference; fileEncoding = 4; lastKnownFileType = sourcecode.c.h; path = gaia_container_basicvector.h; sourceTree = SOURCE_ROOT; };
		3BFB145B187785E700A1731D /* gaia_container_buffer.h */ = {isa = PBXFileReference; fileEncoding = 4; lastKnownFileType = sourcecode.c.h; path = gaia_container_buffer.h; sourceTree = SOURCE_ROOT; };
		3BFB145C187785E700A1731D /* gaia_container_tstring.h */ = {isa = PBXFileReference; fileEncoding = 4; lastKnownFileType = sourcecode.c.h; path = gaia_container_tstring.h; sourceTree = SOURCE_ROOT; };
		3BFB145D187785E700A1731D /* gaia_container_vector.h */ = {isa = PBXFileReference; fileEncoding = 4; lastKnownFileType = sourcecode.c.h; path = gaia_container_vector.h; sourceTree = SOURCE_ROOT; };
		3BFB145E187785E700A1731D /* gaia_container_wstring.h */ = {isa = PBXFileReference; fileEncoding = 4; lastKnownFileType = sourcecode.c.h; path = gaia_container_wstring.h; sourceTree = SOURCE_ROOT; };
		3BFB145F187785E700A1731D /* gaia_datamodel_sp.h */ = {isa = PBXFileReference; fileEncoding = 4; lastKnownFileType = sourcecode.c.h; path = gaia_datamodel_sp.h; sourceTree = SOURCE_ROOT; };
		3BFB1460187785E700A1731D /* gaia_datamodel.h */ = {isa = PBXFileReference; fileEncoding = 4; lastKnownFileType = sourcecode.c.h; path = gaia_datamodel.h; sourceTree = SOURCE_ROOT; };
		3BFB1461187785E700A1731D /* gaia_dataphase_xml.h */ = {isa = PBXFileReference; fileEncoding = 4; lastKnownFileType = sourcecode.c.h; path = gaia_dataphase_xml.h; sourceTree = SOURCE_ROOT; };
		3BFB1462187785E700A1731D /* gaia_directory.h */ = {isa = PBXFileReference; fileEncoding = 4; lastKnownFileType = sourcecode.c.h; path = gaia_directory.h; sourceTree = SOURCE_ROOT; };
		3BFB1463187785E700A1731D /* gaia_error.h */ = {isa = PBXFileReference; fileEncoding = 4; lastKnownFileType = sourcecode.c.h; path = gaia_error.h; sourceTree = SOURCE_ROOT; };
		3BFB1464187785E700A1731D /* gaia_factory.h */ = {isa = PBXFileReference; fileEncoding = 4; lastKnownFileType = sourcecode.c.h; path = gaia_factory.h; sourceTree = SOURCE_ROOT; };
		3BFB1465187785E700A1731D /* gaia_file.h */ = {isa = PBXFileReference; fileEncoding = 4; lastKnownFileType = sourcecode.c.h; path = gaia_file.h; sourceTree = SOURCE_ROOT; };
		3BFB1466187785E700A1731D /* gaia_framework.h */ = {isa = PBXFileReference; fileEncoding = 4; lastKnownFileType = sourcecode.c.h; path = gaia_framework.h; sourceTree = SOURCE_ROOT; };
		3BFB1467187785E700A1731D /* gaia_hd.h */ = {isa = PBXFileReference; fileEncoding = 4; lastKnownFileType = sourcecode.c.h; path = gaia_hd.h; sourceTree = SOURCE_ROOT; };
		3BFB1468187785E700A1731D /* gaia_id.h */ = {isa = PBXFileReference; fileEncoding = 4; lastKnownFileType = sourcecode.c.h; path = gaia_id.h; sourceTree = SOURCE_ROOT; };
		3BFB1469187785E700A1731D /* gaia_instance.h */ = {isa = PBXFileReference; fileEncoding = 4; lastKnownFileType = sourcecode.c.h; path = gaia_instance.h; sourceTree = SOURCE_ROOT; };
		3BFB146A187785E700A1731D /* gaia_iterator.h */ = {isa = PBXFileReference; fileEncoding = 4; lastKnownFileType = sourcecode.c.h; path = gaia_iterator.h; sourceTree = SOURCE_ROOT; };
		3BFB146B187785E700A1731D /* gaia_linkmodel.h */ = {isa = PBXFileReference; fileEncoding = 4; lastKnownFileType = sourcecode.c.h; path = gaia_linkmodel.h; sourceTree = SOURCE_ROOT; };
		3BFB146C187785E700A1731D /* gaia_log.h */ = {isa = PBXFileReference; fileEncoding = 4; lastKnownFileType = sourcecode.c.h; path = gaia_log.h; sourceTree = SOURCE_ROOT; };
		3BFB146D187785E700A1731D /* gaia_math_basic_indp.cpp */ = {isa = PBXFileReference; fileEncoding = 4; lastKnownFileType = sourcecode.cpp.cpp; path = gaia_math_basic_indp.cpp; sourceTree = SOURCE_ROOT; };
		3BFB146E187785E700A1731D /* gaia_math_basic_indp.h */ = {isa = PBXFileReference; fileEncoding = 4; lastKnownFileType = sourcecode.c.h; path = gaia_math_basic_indp.h; sourceTree = SOURCE_ROOT; };
		3BFB146F187785E700A1731D /* gaia_math_basic.h */ = {isa = PBXFileReference; fileEncoding = 4; lastKnownFileType = sourcecode.c.h; path = gaia_math_basic.h; sourceTree = SOURCE_ROOT; };
		3BFB1470187785E700A1731D /* gaia_math_cookies.h */ = {isa = PBXFileReference; fileEncoding = 4; lastKnownFileType = sourcecode.c.h; path = gaia_math_cookies.h; sourceTree = SOURCE_ROOT; };
		3BFB1471187785E700A1731D /* gaia_process.h */ = {isa = PBXFileReference; fileEncoding = 4; lastKnownFileType = sourcecode.c.h; path = gaia_process.h; sourceTree = SOURCE_ROOT; };
		3BFB1472187785E700A1731D /* gaia_serializer.h */ = {isa = PBXFileReference; fileEncoding = 4; lastKnownFileType = sourcecode.c.h; path = gaia_serializer.h; sourceTree = SOURCE_ROOT; };
		3BFB1474187785E700A1731D /* gaia_sysconfig.h */ = {isa = PBXFileReference; fileEncoding = 4; lastKnownFileType = sourcecode.c.h; path = gaia_sysconfig.h; sourceTree = SOURCE_ROOT; };
		3BFB1475187785E700A1731D /* gaia_thread_indp.cpp */ = {isa = PBXFileReference; fileEncoding = 4; lastKnownFileType = sourcecode.cpp.cpp; path = gaia_thread_indp.cpp; sourceTree = SOURCE_ROOT; };
		3BFB1476187785E700A1731D /* gaia_thread_indp.h */ = {isa = PBXFileReference; fileEncoding = 4; lastKnownFileType = sourcecode.c.h; path = gaia_thread_indp.h; sourceTree = SOURCE_ROOT; };
		3BFB1477187785E700A1731D /* gaia_thread.h */ = {isa = PBXFileReference; fileEncoding = 4; lastKnownFileType = sourcecode.c.h; path = gaia_thread.h; sourceTree = SOURCE_ROOT; };
		3BFB1478187785E700A1731D /* gaia_time.h */ = {isa = PBXFileReference; fileEncoding = 4; lastKnownFileType = sourcecode.c.h; path = gaia_time.h; sourceTree = SOURCE_ROOT; };
		3BFB1479187785E700A1731D /* gaia_type_convert.h */ = {isa = PBXFileReference; fileEncoding = 4; lastKnownFileType = sourcecode.c.h; path = gaia_type_convert.h; sourceTree = SOURCE_ROOT; };
		3BFB147A187785E700A1731D /* gaia_type.h */ = {isa = PBXFileReference; fileEncoding = 4; lastKnownFileType = sourcecode.c.h; path = gaia_type.h; sourceTree = SOURCE_ROOT; };
		3BFB147B187785E700A1731D /* gaia.h */ = {isa = PBXFileReference; fileEncoding = 4; lastKnownFileType = sourcecode.c.h; path = gaia.h; sourceTree = SOURCE_ROOT; };
		3BFB147E187785E700A1731D /* preheader.cpp */ = {isa = PBXFileReference; fileEncoding = 4; lastKnownFileType = sourcecode.cpp.cpp; path = preheader.cpp; sourceTree = SOURCE_ROOT; };
		3BFB147F187785E700A1731D /* preheader.h */ = {isa = PBXFileReference; fileEncoding = 4; lastKnownFileType = sourcecode.c.h; path = preheader.h; sourceTree = SOURCE_ROOT; };
		3BFB14831877920A00A1731D /* main.cpp */ = {isa = PBXFileReference; fileEncoding = 4; lastKnownFileType = sourcecode.cpp.cpp; path = main.cpp; sourceTree = SOURCE_ROOT; };
/* End PBXFileReference section */

/* Begin PBXFrameworksBuildPhase section */
		3BFB13F41877852C00A1731D /* Frameworks */ = {
			isa = PBXFrameworksBuildPhase;
			buildActionMask = 2147483647;
			files = (
			);
			runOnlyForDeploymentPostprocessing = 0;
		};
/* End PBXFrameworksBuildPhase section */

/* Begin PBXGroup section */
		3BFB13EC1877852B00A1731D = {
			isa = PBXGroup;
			children = (
				3BFB13FA1877852C00A1731D /* GAIA */,
				3BFB13F81877852C00A1731D /* Products */,
			);
			sourceTree = "<group>";
		};
		3BFB13F81877852C00A1731D /* Products */ = {
			isa = PBXGroup;
			children = (
				3BFB13F71877852C00A1731D /* GAIA */,
			);
			name = Products;
			sourceTree = "<group>";
		};
		3BFB13FA1877852C00A1731D /* GAIA */ = {
			isa = PBXGroup;
			children = (
				3B6F8FC81884F00B00C9B60D /* gaia_ai_context.h */,
				3B6F8FC91884F00B00C9B60D /* gaia_physics_context.h */,
				3B6F8FCA1884F00B00C9B60D /* gaia_physics_physicsdriver.h */,
				3B6F8FCB1884F00C00C9B60D /* gaia_render_context.h */,
				3B6F8FCC1884F00C00C9B60D /* gaia_render_dx9.h */,
				3B6F8FCD1884F00C00C9B60D /* gaia_render_dx10.h */,
				3B6F8FCE1884F00C00C9B60D /* gaia_render_dx11.h */,
				3B6F8FCF1884F00D00C9B60D /* gaia_render_gl1.h */,
				3B6F8FD01884F00D00C9B60D /* gaia_render_gl2.h */,
				3B6F8FD11884F00D00C9B60D /* gaia_render_gl3.h */,
				3B6F8FD21884F00D00C9B60D /* gaia_render_gles1.h */,
				3B6F8FD31884F00D00C9B60D /* gaia_render_gles2.h */,
				3B6F8FD41884F00D00C9B60D /* gaia_render_gles3.h */,
				3B6F8FD51884F00D00C9B60D /* gaia_render_indexbuffer.h */,
				3B6F8FD61884F00D00C9B60D /* gaia_render_pipeline.h */,
				3B6F8FD71884F00D00C9B60D /* gaia_render_render.h */,
				3B6F8FD81884F00D00C9B60D /* gaia_render_target.h */,
				3B6F8FD91884F00E00C9B60D /* gaia_render_texture.h */,
				3B6F8FDA1884F00E00C9B60D /* gaia_render_vertexbuffer.h */,
				3B6F8FDB1884F00E00C9B60D /* gaia_resource_resource.h */,
				3B6F8FDC1884F00E00C9B60D /* gaia_resource_resourcedriver.h */,
				3B6F8FDD1884F00E00C9B60D /* gaia_scene_camera.h */,
				3B6F8FDE1884F00E00C9B60D /* gaia_scene_component.h */,
				3B6F8FDF1884F00E00C9B60D /* gaia_scene_geometry.h */,
				3B6F8FE01884F00E00C9B60D /* gaia_scene_heightfield.h */,
				3B6F8FE11884F00E00C9B60D /* gaia_scene_particle.h */,
				3B6F8FE21884F00E00C9B60D /* gaia_scene_postprocess.h */,
				3B6F8FE31884F00E00C9B60D /* gaia_scene_scene.h */,
				3B6F8FE41884F00E00C9B60D /* gaia_scene_sceneobj.h */,
				3B6F8FE51884F00E00C9B60D /* gaia_scene_skin.h */,
				3B6F8FE61884F00E00C9B60D /* gaia_scene_staticmesh.h */,
				3B6F8FE71884F00E00C9B60D /* gaia_sound_listener.h */,
				3B6F8FE81884F00E00C9B60D /* gaia_sound_sounder.h */,
				3B6F8FE91884F00F00C9B60D /* gaia_task_task.h */,
				3B6F8FEA1884F00F00C9B60D /* gaia_task_taskdriver.h */,
				3BD55C7E18802D4700FE89B5 /* gaia_container_basicbitset.h */,
				3BD55C7F18802D4800FE89B5 /* gaia_container_basicdictionary.h */,
				3BD55C8018802D4900FE89B5 /* gaia_container_basicgraph.h */,
				3BD55C8118802D4A00FE89B5 /* gaia_container_basicmap.h */,
				3BD55C8218802D4B00FE89B5 /* gaia_container_basicpair.h */,
				3BD55C8318802D4C00FE89B5 /* gaia_container_basicpriqueue.h */,
				3BD55C8418802D4D00FE89B5 /* gaia_container_basicstackbitset.h */,
				3BD55C8518802D4E00FE89B5 /* gaia_container_bitset.h */,
				3BD55C8618802D5000FE89B5 /* gaia_container_stackbitset.h */,
				3BD55C6A187F1C3000FE89B5 /* gaia_container_avltree.h */,
				3BD55C6B187F1C3000FE89B5 /* gaia_container_basicchars.h */,
				3BD55C6C187F1C3000FE89B5 /* gaia_container_basicpool.h */,
				3BD55C6D187F1C3000FE89B5 /* gaia_container_basicset.h */,
				3BD55C6E187F1C3000FE89B5 /* gaia_container_chars.h */,
				3BD55C6F187F1C3000FE89B5 /* gaia_container_pool.h */,
				3BD55C70187F1C3000FE89B5 /* gaia_container_set.h */,
				3BD55C71187F1C3000FE89B5 /* gaia_math_lerp.h */,
				3BD55C72187F1C3000FE89B5 /* gaia_math_random_indp.cpp */,
				3BD55C73187F1C3000FE89B5 /* gaia_math_random_indp.h */,
				3BD55C74187F1C3000FE89B5 /* gaia_math_random.h */,
				3BD55C75187F1C3000FE89B5 /* gaia_sync_base_indp.cpp */,
				3BD55C76187F1C3000FE89B5 /* gaia_sync_base_indp.h */,
				3BD55C77187F1C3000FE89B5 /* gaia_time_indp.cpp */,
				3BD55C78187F1C3000FE89B5 /* gaia_time_indp.h */,
				3BD55C79187F1C3000FE89B5 /* gaia_type_traits2.h */,
				3BD55BFE1879D4E900FE89B5 /* gaia_datatraffic_gateway_impl.h */,
				3BD55BFF1879D4E900FE89B5 /* gaia_datatraffic_gateway_mem.h */,
				3BD55C001879D4E900FE89B5 /* gaia_datatraffic_gateway_sharemem.h */,
				3BD55C011879D4E900FE89B5 /* gaia_datatraffic_gateway.h */,
				3BD55C021879D4E900FE89B5 /* gaia_datatraffic_route_impl.h */,
				3BD55C031879D4E900FE89B5 /* gaia_datatraffic_route_mem.h */,
				3BD55C041879D4E900FE89B5 /* gaia_datatraffic_route_net.h */,
				3BD55C051879D4E900FE89B5 /* gaia_datatraffic_route.h */,
				3BD55C061879D4E900FE89B5 /* gaia_datatraffic_transmission_idm.h */,
				3BD55C071879D4E900FE89B5 /* gaia_datatraffic_transmission.h */,
				3BD55BEC1879D4D300FE89B5 /* gaia_algorithm_base.h */,
				3BD55BED1879D4D300FE89B5 /* gaia_algorithm_search.h */,
				3BD55BEE1879D4D300FE89B5 /* gaia_algorithm_sort.h */,
				3BD55BEF1879D4D300FE89B5 /* gaia_container_basicorderless.h */,
				3BD55BF01879D4D300FE89B5 /* gaia_container_basicpackage.h */,
				3BD55BF11879D4D300FE89B5 /* gaia_container_basicstackpackage.h */,
				3BD55BF21879D4D300FE89B5 /* gaia_container_basicstackvar.h */,
				3BD55BF31879D4D300FE89B5 /* gaia_container_basicvar.h */,
				3BD55BF41879D4D300FE89B5 /* gaia_container_orderless.h */,
				3BD55BF51879D4D300FE89B5 /* gaia_container_queue.h */,
				3BD55BF61879D4D300FE89B5 /* gaia_container_stack.h */,
				3BD55BF71879D4D300FE89B5 /* gaia_datatraffic_gateway_file.h */,
				3BD55BF81879D4D300FE89B5 /* gaia_network.h */,
				3BD55BF91879D4D300FE89B5 /* gaia_sync_base.h */,
				3BD55BFA1879D4D300FE89B5 /* gaia_sync_event.h */,
				3BD55BFB1879D4D300FE89B5 /* gaia_sync_lock.h */,
				3BD55BFC1879D4D300FE89B5 /* gaia_sync_mutex.h */,
				3BDEBFF118787E7F009605F4 /* gaia_container_basicqueue.h */,
				3BDEBFEE18784C5C009605F4 /* gaia_file_indp.cpp */,
				3BDEBFEF18784C5C009605F4 /* gaia_file_indp.h */,
				3BDEBFE918781C54009605F4 /* gaia_algorithm_compare.h */,
				3BDEBFEA18781C55009605F4 /* gaia_algorithm_memory.h */,
				3BDEBFEB18781C55009605F4 /* gaia_algorithm_sizeincreaser.h */,
				3BDEBFEC18781C55009605F4 /* gaia_algorithm_string.h */,
				3BFB14831877920A00A1731D /* main.cpp */,
				3BFB144A187785E700A1731D /* gaia_allocator_crt.h */,
				3BFB144B187785E700A1731D /* gaia_allocator_esg.h */,
				3BFB144C187785E700A1731D /* gaia_allocator.h */,
				3BFB1450187785E700A1731D /* gaia_assert.h */,
				3BFB1454187785E700A1731D /* gaia_clsid.h */,
				3BFB1455187785E700A1731D /* gaia_container_array.h */,
				3BFB1456187785E700A1731D /* gaia_container_astring.h */,
				3BFB1457187785E700A1731D /* gaia_container_basicarray.h */,
				3BFB1458187785E700A1731D /* gaia_container_basicstack.h */,
				3BFB1459187785E700A1731D /* gaia_container_basicstring.h */,
				3BFB145A187785E700A1731D /* gaia_container_basicvector.h */,
				3BFB145B187785E700A1731D /* gaia_container_buffer.h */,
				3BFB145C187785E700A1731D /* gaia_container_tstring.h */,
				3BFB145D187785E700A1731D /* gaia_container_vector.h */,
				3BFB145E187785E700A1731D /* gaia_container_wstring.h */,
				3BFB145F187785E700A1731D /* gaia_datamodel_sp.h */,
				3BFB1460187785E700A1731D /* gaia_datamodel.h */,
				3BFB1461187785E700A1731D /* gaia_dataphase_xml.h */,
				3BFB1462187785E700A1731D /* gaia_directory.h */,
				3BFB1463187785E700A1731D /* gaia_error.h */,
				3BFB1464187785E700A1731D /* gaia_factory.h */,
				3BFB1465187785E700A1731D /* gaia_file.h */,
				3BFB1466187785E700A1731D /* gaia_framework.h */,
				3BFB1467187785E700A1731D /* gaia_hd.h */,
				3BFB1468187785E700A1731D /* gaia_id.h */,
				3BFB1469187785E700A1731D /* gaia_instance.h */,
				3BFB146A187785E700A1731D /* gaia_iterator.h */,
				3BFB146B187785E700A1731D /* gaia_linkmodel.h */,
				3BFB146C187785E700A1731D /* gaia_log.h */,
				3BFB146D187785E700A1731D /* gaia_math_basic_indp.cpp */,
				3BFB146E187785E700A1731D /* gaia_math_basic_indp.h */,
				3BFB146F187785E700A1731D /* gaia_math_basic.h */,
				3BFB1470187785E700A1731D /* gaia_math_cookies.h */,
				3BFB1471187785E700A1731D /* gaia_process.h */,
				3BFB1472187785E700A1731D /* gaia_serializer.h */,
				3BFB1474187785E700A1731D /* gaia_sysconfig.h */,
				3BFB1475187785E700A1731D /* gaia_thread_indp.cpp */,
				3BFB1476187785E700A1731D /* gaia_thread_indp.h */,
				3BFB1477187785E700A1731D /* gaia_thread.h */,
				3BFB1478187785E700A1731D /* gaia_time.h */,
				3BFB1479187785E700A1731D /* gaia_type_convert.h */,
				3BFB147A187785E700A1731D /* gaia_type.h */,
				3BFB147B187785E700A1731D /* gaia.h */,
				3BFB147E187785E700A1731D /* preheader.cpp */,
				3BFB147F187785E700A1731D /* preheader.h */,
				3BD55C64187B055D00FE89B5 /* gaia_container_list.h */,
				3BD55C65187B05C000FE89B5 /* gaia_container_basiclist.h */,
			);
			path = GAIA;
			sourceTree = "<group>";
		};
/* End PBXGroup section */

/* Begin PBXNativeTarget section */
		3BFB13F61877852C00A1731D /* GAIA */ = {
			isa = PBXNativeTarget;
			buildConfigurationList = 3BFB14011877852D00A1731D /* Build configuration list for PBXNativeTarget "GAIA" */;
			buildPhases = (
				3BFB13F31877852C00A1731D /* Sources */,
				3BFB13F41877852C00A1731D /* Frameworks */,
				3BFB13F51877852C00A1731D /* CopyFiles */,
			);
			buildRules = (
			);
			dependencies = (
			);
			name = GAIA;
			productName = GAIA;
			productReference = 3BFB13F71877852C00A1731D /* GAIA */;
			productType = "com.apple.product-type.tool";
		};
/* End PBXNativeTarget section */

/* Begin PBXProject section */
		3BFB13EE1877852C00A1731D /* Project object */ = {
			isa = PBXProject;
			attributes = {
				LastUpgradeCheck = 0440;
				ORGANIZATIONNAME = Armterla;
			};
			buildConfigurationList = 3BFB13F11877852C00A1731D /* Build configuration list for PBXProject "GAIA" */;
			compatibilityVersion = "Xcode 3.2";
			developmentRegion = English;
			hasScannedForEncodings = 0;
			knownRegions = (
				en,
			);
			mainGroup = 3BFB13EC1877852B00A1731D;
			productRefGroup = 3BFB13F81877852C00A1731D /* Products */;
			projectDirPath = "";
			projectRoot = "";
			targets = (
				3BFB13F61877852C00A1731D /* GAIA */,
			);
		};
/* End PBXProject section */

/* Begin PBXSourcesBuildPhase section */
		3BFB13F31877852C00A1731D /* Sources */ = {
			isa = PBXSourcesBuildPhase;
			buildActionMask = 2147483647;
			files = (
				3BFB1481187785E700A1731D /* gaia_thread_indp.cpp in Sources */,
				3BFB1480187785E700A1731D /* gaia_math_basic_indp.cpp in Sources */,
				3BFB1482187785E700A1731D /* preheader.cpp in Sources */,
				3BFB14841877920A00A1731D /* main.cpp in Sources */,
				3BDEBFF018784C5D009605F4 /* gaia_file_indp.cpp in Sources */,
				3BD55C7A187F1C3100FE89B5 /* gaia_math_random_indp.cpp in Sources */,
				3BD55C7B187F1C3100FE89B5 /* gaia_sync_base_indp.cpp in Sources */,
				3BD55C7C187F1C3100FE89B5 /* gaia_time_indp.cpp in Sources */,
			);
			runOnlyForDeploymentPostprocessing = 0;
		};
/* End PBXSourcesBuildPhase section */

/* Begin XCBuildConfiguration section */
		3BFB13FF1877852D00A1731D /* Debug */ = {
			isa = XCBuildConfiguration;
			buildSettings = {
				ALWAYS_SEARCH_USER_PATHS = NO;
				ARCHS = "$(ARCHS_STANDARD_64_BIT)";
				CLANG_CXX_LANGUAGE_STANDARD = "gnu++0x";
				CLANG_ENABLE_OBJC_ARC = NO;
				CLANG_WARN__DUPLICATE_METHOD_MATCH = YES;
				COPY_PHASE_STRIP = NO;
				GCC_C_LANGUAGE_STANDARD = gnu99;
				GCC_DYNAMIC_NO_PIC = NO;
				GCC_ENABLE_OBJC_EXCEPTIONS = NO;
				GCC_OPTIMIZATION_LEVEL = 0;
				GCC_PREPROCESSOR_DEFINITIONS = (
					"DEBUG=1",
					"$(inherited)",
				);
				GCC_SYMBOLS_PRIVATE_EXTERN = NO;
				GCC_VERSION = "";
				GCC_WARN_64_TO_32_BIT_CONVERSION = YES;
				GCC_WARN_ABOUT_RETURN_TYPE = YES;
				GCC_WARN_UNINITIALIZED_AUTOS = YES;
				GCC_WARN_UNUSED_VARIABLE = YES;
				MACOSX_DEPLOYMENT_TARGET = 10.8;
				ONLY_ACTIVE_ARCH = YES;
				SDKROOT = macosx;
			};
			name = Debug;
		};
		3BFB14001877852D00A1731D /* Release */ = {
			isa = XCBuildConfiguration;
			buildSettings = {
				ALWAYS_SEARCH_USER_PATHS = NO;
				ARCHS = "$(ARCHS_STANDARD_64_BIT)";
				CLANG_CXX_LANGUAGE_STANDARD = "gnu++0x";
				CLANG_ENABLE_OBJC_ARC = NO;
				CLANG_WARN__DUPLICATE_METHOD_MATCH = YES;
				COPY_PHASE_STRIP = YES;
				DEBUG_INFORMATION_FORMAT = "dwarf-with-dsym";
				GCC_C_LANGUAGE_STANDARD = gnu99;
				GCC_ENABLE_OBJC_EXCEPTIONS = NO;
				GCC_OPTIMIZATION_LEVEL = 0;
				GCC_VERSION = "";
				GCC_WARN_64_TO_32_BIT_CONVERSION = YES;
				GCC_WARN_ABOUT_RETURN_TYPE = YES;
				GCC_WARN_UNINITIALIZED_AUTOS = YES;
				GCC_WARN_UNUSED_VARIABLE = YES;
				MACOSX_DEPLOYMENT_TARGET = 10.8;
				ONLY_ACTIVE_ARCH = NO;
				SDKROOT = macosx;
			};
			name = Release;
		};
		3BFB14021877852D00A1731D /* Debug */ = {
			isa = XCBuildConfiguration;
			buildSettings = {
				CLANG_CXX_LANGUAGE_STANDARD = "gnu++0x";
				GCC_C_LANGUAGE_STANDARD = "compiler-default";
				PRODUCT_NAME = "$(TARGET_NAME)";
			};
			name = Debug;
		};
		3BFB14031877852D00A1731D /* Release */ = {
			isa = XCBuildConfiguration;
			buildSettings = {
				CLANG_CXX_LANGUAGE_STANDARD = "gnu++0x";
				GCC_C_LANGUAGE_STANDARD = "compiler-default";
				PRODUCT_NAME = "$(TARGET_NAME)";
			};
			name = Release;
		};
/* End XCBuildConfiguration section */

/* Begin XCConfigurationList section */
		3BFB13F11877852C00A1731D /* Build configuration list for PBXProject "GAIA" */ = {
			isa = XCConfigurationList;
			buildConfigurations = (
				3BFB13FF1877852D00A1731D /* Debug */,
				3BFB14001877852D00A1731D /* Release */,
			);
			defaultConfigurationIsVisible = 0;
			defaultConfigurationName = Release;
		};
		3BFB14011877852D00A1731D /* Build configuration list for PBXNativeTarget "GAIA" */ = {
			isa = XCConfigurationList;
			buildConfigurations = (
				3BFB14021877852D00A1731D /* Debug */,
				3BFB14031877852D00A1731D /* Release */,
			);
			defaultConfigurationIsVisible = 0;
			defaultConfigurationName = Release;
		};
/* End XCConfigurationList section */
	};
	rootObject = 3BFB13EE1877852C00A1731D /* Project object */;
}
